
Microsoft Visual Studio Solution File, Format Version 12.00
# Visual Studio Version 17
VisualStudioVersion = 17.0.31903.59
MinimumVisualStudioVersion = 10.0.40219.1
Project("{FAE04EC0-301F-11D3-BF4B-00C04F79EFBC}") = "API", "API\API.csproj", "{AC1A89B3-59D9-461E-A5EB-ED3A1527B908}"
EndProject
Project("{FAE04EC0-301F-11D3-BF4B-00C04F79EFBC}") = "Domain", "Domain\Domain.csproj", "{1B8B0228-9121-46F6-93C3-5E9E101D8B13}"
EndProject
Project("{FAE04EC0-301F-11D3-BF4B-00C04F79EFBC}") = "Application", "Application\Application.csproj", "{D59A4B11-24C7-43C5-96A9-F82642635BE8}"
EndProject
Project("{FAE04EC0-301F-11D3-BF4B-00C04F79EFBC}") = "Persistence", "Persistence\Persistence.csproj", "{E66FFC26-FA3A-4614-AB68-313226879D9C}"
EndProject
Project("{FAE04EC0-301F-11D3-BF4B-00C04F79EFBC}") = "Application.Tests", "Application.Tests\Application.Tests.csproj", "{B865A930-D0F7-47A2-BF6B-C1C1C2382B5B}"
EndProject
Project("{FAE04EC0-301F-11D3-BF4B-00C04F79EFBC}") = "API.IntegrationTests", "API.IntegrationTests\API.IntegrationTests.csproj", "{9E7D5F70-5CAB-41A3-8469-54C4A5CBDD53}"
EndProject
Project("{FAE04EC0-301F-11D3-BF4B-00C04F79EFBC}") = "Infrastructure", "Infrastructure\Infrastructure.csproj", "{46F87642-FAEF-4780-8806-D7824299812C}"
EndProject
Global
	GlobalSection(SolutionConfigurationPlatforms) = preSolution
		Debug|Any CPU = Debug|Any CPU
		Debug|x64 = Debug|x64
		Debug|x86 = Debug|x86
		Release|Any CPU = Release|Any CPU
		Release|x64 = Release|x64
		Release|x86 = Release|x86
	EndGlobalSection
	GlobalSection(ProjectConfigurationPlatforms) = postSolution
		{AC1A89B3-59D9-461E-A5EB-ED3A1527B908}.Debug|Any CPU.ActiveCfg = Debug|Any CPU
		{AC1A89B3-59D9-461E-A5EB-ED3A1527B908}.Debug|Any CPU.Build.0 = Debug|Any CPU
		{AC1A89B3-59D9-461E-A5EB-ED3A1527B908}.Debug|x64.ActiveCfg = Debug|Any CPU
		{AC1A89B3-59D9-461E-A5EB-ED3A1527B908}.Debug|x64.Build.0 = Debug|Any CPU
		{AC1A89B3-59D9-461E-A5EB-ED3A1527B908}.Debug|x86.ActiveCfg = Debug|Any CPU
		{AC1A89B3-59D9-461E-A5EB-ED3A1527B908}.Debug|x86.Build.0 = Debug|Any CPU
		{AC1A89B3-59D9-461E-A5EB-ED3A1527B908}.Release|Any CPU.ActiveCfg = Release|Any CPU
		{AC1A89B3-59D9-461E-A5EB-ED3A1527B908}.Release|Any CPU.Build.0 = Release|Any CPU
		{AC1A89B3-59D9-461E-A5EB-ED3A1527B908}.Release|x64.ActiveCfg = Release|Any CPU
		{AC1A89B3-59D9-461E-A5EB-ED3A1527B908}.Release|x64.Build.0 = Release|Any CPU
		{AC1A89B3-59D9-461E-A5EB-ED3A1527B908}.Release|x86.ActiveCfg = Release|Any CPU
		{AC1A89B3-59D9-461E-A5EB-ED3A1527B908}.Release|x86.Build.0 = Release|Any CPU
		{1B8B0228-9121-46F6-93C3-5E9E101D8B13}.Debug|Any CPU.ActiveCfg = Debug|Any CPU
		{1B8B0228-9121-46F6-93C3-5E9E101D8B13}.Debug|Any CPU.Build.0 = Debug|Any CPU
		{1B8B0228-9121-46F6-93C3-5E9E101D8B13}.Debug|x64.ActiveCfg = Debug|Any CPU
		{1B8B0228-9121-46F6-93C3-5E9E101D8B13}.Debug|x64.Build.0 = Debug|Any CPU
		{1B8B0228-9121-46F6-93C3-5E9E101D8B13}.Debug|x86.ActiveCfg = Debug|Any CPU
		{1B8B0228-9121-46F6-93C3-5E9E101D8B13}.Debug|x86.Build.0 = Debug|Any CPU
		{1B8B0228-9121-46F6-93C3-5E9E101D8B13}.Release|Any CPU.ActiveCfg = Release|Any CPU
		{1B8B0228-9121-46F6-93C3-5E9E101D8B13}.Release|Any CPU.Build.0 = Release|Any CPU
		{1B8B0228-9121-46F6-93C3-5E9E101D8B13}.Release|x64.ActiveCfg = Release|Any CPU
		{1B8B0228-9121-46F6-93C3-5E9E101D8B13}.Release|x64.Build.0 = Release|Any CPU
		{1B8B0228-9121-46F6-93C3-5E9E101D8B13}.Release|x86.ActiveCfg = Release|Any CPU
		{1B8B0228-9121-46F6-93C3-5E9E101D8B13}.Release|x86.Build.0 = Release|Any CPU
		{D59A4B11-24C7-43C5-96A9-F82642635BE8}.Debug|Any CPU.ActiveCfg = Debug|Any CPU
		{D59A4B11-24C7-43C5-96A9-F82642635BE8}.Debug|Any CPU.Build.0 = Debug|Any CPU
		{D59A4B11-24C7-43C5-96A9-F82642635BE8}.Debug|x64.ActiveCfg = Debug|Any CPU
		{D59A4B11-24C7-43C5-96A9-F82642635BE8}.Debug|x64.Build.0 = Debug|Any CPU
		{D59A4B11-24C7-43C5-96A9-F82642635BE8}.Debug|x86.ActiveCfg = Debug|Any CPU
		{D59A4B11-24C7-43C5-96A9-F82642635BE8}.Debug|x86.Build.0 = Debug|Any CPU
		{D59A4B11-24C7-43C5-96A9-F82642635BE8}.Release|Any CPU.ActiveCfg = Release|Any CPU
		{D59A4B11-24C7-43C5-96A9-F82642635BE8}.Release|Any CPU.Build.0 = Release|Any CPU
		{D59A4B11-24C7-43C5-96A9-F82642635BE8}.Release|x64.ActiveCfg = Release|Any CPU
		{D59A4B11-24C7-43C5-96A9-F82642635BE8}.Release|x64.Build.0 = Release|Any CPU
		{D59A4B11-24C7-43C5-96A9-F82642635BE8}.Release|x86.ActiveCfg = Release|Any CPU
		{D59A4B11-24C7-43C5-96A9-F82642635BE8}.Release|x86.Build.0 = Release|Any CPU
		{E66FFC26-FA3A-4614-AB68-313226879D9C}.Debug|Any CPU.ActiveCfg = Debug|Any CPU
		{E66FFC26-FA3A-4614-AB68-313226879D9C}.Debug|Any CPU.Build.0 = Debug|Any CPU
		{E66FFC26-FA3A-4614-AB68-313226879D9C}.Debug|x64.ActiveCfg = Debug|Any CPU
		{E66FFC26-FA3A-4614-AB68-313226879D9C}.Debug|x64.Build.0 = Debug|Any CPU
		{E66FFC26-FA3A-4614-AB68-313226879D9C}.Debug|x86.ActiveCfg = Debug|Any CPU
		{E66FFC26-FA3A-4614-AB68-313226879D9C}.Debug|x86.Build.0 = Debug|Any CPU
		{E66FFC26-FA3A-4614-AB68-313226879D9C}.Release|Any CPU.ActiveCfg = Release|Any CPU
		{E66FFC26-FA3A-4614-AB68-313226879D9C}.Release|Any CPU.Build.0 = Release|Any CPU
		{E66FFC26-FA3A-4614-AB68-313226879D9C}.Release|x64.ActiveCfg = Release|Any CPU
		{E66FFC26-FA3A-4614-AB68-313226879D9C}.Release|x64.Build.0 = Release|Any CPU
		{E66FFC26-FA3A-4614-AB68-313226879D9C}.Release|x86.ActiveCfg = Release|Any CPU
		{E66FFC26-FA3A-4614-AB68-313226879D9C}.Release|x86.Build.0 = Release|Any CPU
		{B865A930-D0F7-47A2-BF6B-C1C1C2382B5B}.Debug|Any CPU.ActiveCfg = Debug|Any CPU
		{B865A930-D0F7-47A2-BF6B-C1C1C2382B5B}.Debug|Any CPU.Build.0 = Debug|Any CPU
		{B865A930-D0F7-47A2-BF6B-C1C1C2382B5B}.Debug|x64.ActiveCfg = Debug|Any CPU
		{B865A930-D0F7-47A2-BF6B-C1C1C2382B5B}.Debug|x64.Build.0 = Debug|Any CPU
		{B865A930-D0F7-47A2-BF6B-C1C1C2382B5B}.Debug|x86.ActiveCfg = Debug|Any CPU
		{B865A930-D0F7-47A2-BF6B-C1C1C2382B5B}.Debug|x86.Build.0 = Debug|Any CPU
		{B865A930-D0F7-47A2-BF6B-C1C1C2382B5B}.Release|Any CPU.ActiveCfg = Release|Any CPU
		{B865A930-D0F7-47A2-BF6B-C1C1C2382B5B}.Release|Any CPU.Build.0 = Release|Any CPU
		{B865A930-D0F7-47A2-BF6B-C1C1C2382B5B}.Release|x64.ActiveCfg = Release|Any CPU
		{B865A930-D0F7-47A2-BF6B-C1C1C2382B5B}.Release|x64.Build.0 = Release|Any CPU
		{B865A930-D0F7-47A2-BF6B-C1C1C2382B5B}.Release|x86.ActiveCfg = Release|Any CPU
		{B865A930-D0F7-47A2-BF6B-C1C1C2382B5B}.Release|x86.Build.0 = Release|Any CPU
		{9E7D5F70-5CAB-41A3-8469-54C4A5CBDD53}.Debug|Any CPU.ActiveCfg = Debug|Any CPU
		{9E7D5F70-5CAB-41A3-8469-54C4A5CBDD53}.Debug|Any CPU.Build.0 = Debug|Any CPU
		{9E7D5F70-5CAB-41A3-8469-54C4A5CBDD53}.Debug|x64.ActiveCfg = Debug|Any CPU
		{9E7D5F70-5CAB-41A3-8469-54C4A5CBDD53}.Debug|x64.Build.0 = Debug|Any CPU
		{9E7D5F70-5CAB-41A3-8469-54C4A5CBDD53}.Debug|x86.ActiveCfg = Debug|Any CPU
		{9E7D5F70-5CAB-41A3-8469-54C4A5CBDD53}.Debug|x86.Build.0 = Debug|Any CPU
		{9E7D5F70-5CAB-41A3-8469-54C4A5CBDD53}.Release|Any CPU.ActiveCfg = Release|Any CPU
		{9E7D5F70-5CAB-41A3-8469-54C4A5CBDD53}.Release|Any CPU.Build.0 = Release|Any CPU
		{9E7D5F70-5CAB-41A3-8469-54C4A5CBDD53}.Release|x64.ActiveCfg = Release|Any CPU
		{9E7D5F70-5CAB-41A3-8469-54C4A5CBDD53}.Release|x64.Build.0 = Release|Any CPU
		{9E7D5F70-5CAB-41A3-8469-54C4A5CBDD53}.Release|x86.ActiveCfg = Release|Any CPU
		{9E7D5F70-5CAB-41A3-8469-54C4A5CBDD53}.Release|x86.Build.0 = Release|Any CPU
		{46F87642-FAEF-4780-8806-D7824299812C}.Debug|Any CPU.ActiveCfg = Debug|Any CPU
		{46F87642-FAEF-4780-8806-D7824299812C}.Debug|Any CPU.Build.0 = Debug|Any CPU
		{46F87642-FAEF-4780-8806-D7824299812C}.Debug|x64.ActiveCfg = Debug|Any CPU
		{46F87642-FAEF-4780-8806-D7824299812C}.Debug|x64.Build.0 = Debug|Any CPU
		{46F87642-FAEF-4780-8806-D7824299812C}.Debug|x86.ActiveCfg = Debug|Any CPU
		{46F87642-FAEF-4780-8806-D7824299812C}.Debug|x86.Build.0 = Debug|Any CPU
		{46F87642-FAEF-4780-8806-D7824299812C}.Release|Any CPU.ActiveCfg = Release|Any CPU
		{46F87642-FAEF-4780-8806-D7824299812C}.Release|Any CPU.Build.0 = Release|Any CPU
		{46F87642-FAEF-4780-8806-D7824299812C}.Release|x64.ActiveCfg = Release|Any CPU
		{46F87642-FAEF-4780-8806-D7824299812C}.Release|x64.Build.0 = Release|Any CPU
		{46F87642-FAEF-4780-8806-D7824299812C}.Release|x86.ActiveCfg = Release|Any CPU
		{46F87642-FAEF-4780-8806-D7824299812C}.Release|x86.Build.0 = Release|Any CPU
	EndGlobalSection
	GlobalSection(SolutionProperties) = preSolution
		HideSolutionNode = FALSE
	EndGlobalSection
EndGlobal
